
Microsoft Visual Studio Solution File, Format Version 12.00
# Visual Studio Version 16
VisualStudioVersion = 16.0.30320.27
MinimumVisualStudioVersion = 10.0.40219.1
Project("{FAE04EC0-301F-11D3-BF4B-00C04F79EFBC}") = "ExifTimeRoller", "ExifTimeRoller\ExifTimeRoller.csproj", "{1D2F4DBD-1BA9-4509-9643-E826F7C2277F}"
EndProject
Project("{FAE04EC0-301F-11D3-BF4B-00C04F79EFBC}") = "ExifTimeRoller.Test", "ExifTimeRoller.Test\ExifTimeRoller.Test.csproj", "{5C5A75C2-EEDF-4E8F-9AA9-E3C62AAE496B}"
	ProjectSection(ProjectDependencies) = postProject
		{1D2F4DBD-1BA9-4509-9643-E826F7C2277F} = {1D2F4DBD-1BA9-4509-9643-E826F7C2277F}
	EndProjectSection
EndProject
Project("{FAE04EC0-301F-11D3-BF4B-00C04F79EFBC}") = "IconImage", "IconImage\IconImage.csproj", "{FF649D56-8E56-4A34-812B-0455D1A4A616}"
EndProject
Global
	GlobalSection(SolutionConfigurationPlatforms) = preSolution
		Debug|Any CPU = Debug|Any CPU
		Release|Any CPU = Release|Any CPU
	EndGlobalSection
	GlobalSection(ProjectConfigurationPlatforms) = postSolution
		{1D2F4DBD-1BA9-4509-9643-E826F7C2277F}.Debug|Any CPU.ActiveCfg = Debug|Any CPU
		{1D2F4DBD-1BA9-4509-9643-E826F7C2277F}.Debug|Any CPU.Build.0 = Debug|Any CPU
		{1D2F4DBD-1BA9-4509-9643-E826F7C2277F}.Release|Any CPU.ActiveCfg = Release|Any CPU
		{1D2F4DBD-1BA9-4509-9643-E826F7C2277F}.Release|Any CPU.Build.0 = Release|Any CPU
		{5C5A75C2-EEDF-4E8F-9AA9-E3C62AAE496B}.Debug|Any CPU.ActiveCfg = Debug|Any CPU
		{5C5A75C2-EEDF-4E8F-9AA9-E3C62AAE496B}.Debug|Any CPU.Build.0 = Debug|Any CPU
		{5C5A75C2-EEDF-4E8F-9AA9-E3C62AAE496B}.Release|Any CPU.ActiveCfg = Release|Any CPU
		{5C5A75C2-EEDF-4E8F-9AA9-E3C62AAE496B}.Release|Any CPU.Build.0 = Release|Any CPU
		{FF649D56-8E56-4A34-812B-0455D1A4A616}.Debug|Any CPU.ActiveCfg = Debug|Any CPU
		{FF649D56-8E56-4A34-812B-0455D1A4A616}.Debug|Any CPU.Build.0 = Debug|Any CPU
		{FF649D56-8E56-4A34-812B-0455D1A4A616}.Release|Any CPU.ActiveCfg = Release|Any CPU
		{FF649D56-8E56-4A34-812B-0455D1A4A616}.Release|Any CPU.Build.0 = Release|Any CPU
	EndGlobalSection
	GlobalSection(SolutionProperties) = preSolution
		HideSolutionNode = FALSE
	EndGlobalSection
	GlobalSection(ExtensibilityGlobals) = postSolution
		SolutionGuid = {F531B085-9AEE-43AF-98D7-B82F64866B7E}
	EndGlobalSection
EndGlobal
