
Microsoft Visual Studio Solution File, Format Version 12.00
# Visual Studio Version 16
VisualStudioVersion = 16.0.30320.27
MinimumVisualStudioVersion = 10.0.40219.1
Project("{FAE04EC0-301F-11D3-BF4B-00C04F79EFBC}") = "IconImage", "IconImage\IconImage.csproj", "{FF649D56-8E56-4A34-812B-0455D1A4A616}"
EndProject
Project("{9A19103F-16F7-4668-BE54-9A1E7A4F7556}") = "ExifTimeShift", "ExifTimeShift\ExifTimeShift.csproj", "{4CAC71C0-2065-4185-93F7-688DE83C58CF}"
EndProject
Project("{9A19103F-16F7-4668-BE54-9A1E7A4F7556}") = "ExifTimeShift.Test", "ExifTimeShift.Test\ExifTimeShift.Test.csproj", "{18C9D17F-CF23-4210-AA62-5E3B7BFEC14F}"
EndProject
Global
	GlobalSection(SolutionConfigurationPlatforms) = preSolution
		Debug|Any CPU = Debug|Any CPU
		Release|Any CPU = Release|Any CPU
	EndGlobalSection
	GlobalSection(ProjectConfigurationPlatforms) = postSolution
		{FF649D56-8E56-4A34-812B-0455D1A4A616}.Debug|Any CPU.ActiveCfg = Debug|Any CPU
		{FF649D56-8E56-4A34-812B-0455D1A4A616}.Debug|Any CPU.Build.0 = Debug|Any CPU
		{FF649D56-8E56-4A34-812B-0455D1A4A616}.Release|Any CPU.ActiveCfg = Release|Any CPU
		{FF649D56-8E56-4A34-812B-0455D1A4A616}.Release|Any CPU.Build.0 = Release|Any CPU
		{4CAC71C0-2065-4185-93F7-688DE83C58CF}.Debug|Any CPU.ActiveCfg = Debug|Any CPU
		{4CAC71C0-2065-4185-93F7-688DE83C58CF}.Debug|Any CPU.Build.0 = Debug|Any CPU
		{4CAC71C0-2065-4185-93F7-688DE83C58CF}.Release|Any CPU.ActiveCfg = Release|Any CPU
		{4CAC71C0-2065-4185-93F7-688DE83C58CF}.Release|Any CPU.Build.0 = Release|Any CPU
		{18C9D17F-CF23-4210-AA62-5E3B7BFEC14F}.Debug|Any CPU.ActiveCfg = Debug|Any CPU
		{18C9D17F-CF23-4210-AA62-5E3B7BFEC14F}.Debug|Any CPU.Build.0 = Debug|Any CPU
		{18C9D17F-CF23-4210-AA62-5E3B7BFEC14F}.Release|Any CPU.ActiveCfg = Release|Any CPU
		{18C9D17F-CF23-4210-AA62-5E3B7BFEC14F}.Release|Any CPU.Build.0 = Release|Any CPU
	EndGlobalSection
	GlobalSection(SolutionProperties) = preSolution
		HideSolutionNode = FALSE
	EndGlobalSection
	GlobalSection(ExtensibilityGlobals) = postSolution
		SolutionGuid = {F531B085-9AEE-43AF-98D7-B82F64866B7E}
	EndGlobalSection
EndGlobal
